
Microsoft Visual Studio Solution File, Format Version 9.00
# Visual Studio 2005
Project("{8BC9CEB8-8B4A-11D0-8D11-00A0C91BC942}") = "WSRequest", "WSRequest\WSRequest.vcproj", "{AA4A8758-2DB7-4535-A166-6F4B39B6B48F}"
EndProject
Global
	GlobalSection(SolutionConfigurationPlatforms) = preSolution
		Debug|Win32 = Debug|Win32
		Release|Win32 = Release|Win32
	EndGlobalSection
	GlobalSection(ProjectConfigurationPlatforms) = postSolution
		{AA4A8758-2DB7-4535-A166-6F4B39B6B48F}.Debug|Win32.ActiveCfg = Debug|Win32
		{AA4A8758-2DB7-4535-A166-6F4B39B6B48F}.Debug|Win32.Build.0 = Debug|Win32
		{AA4A8758-2DB7-4535-A166-6F4B39B6B48F}.Release|Win32.ActiveCfg = Release|Win32
		{AA4A8758-2DB7-4535-A166-6F4B39B6B48F}.Release|Win32.Build.0 = Release|Win32
	EndGlobalSection
	GlobalSection(SolutionProperties) = preSolution
		HideSolutionNode = FALSE
	EndGlobalSection
EndGlobal
