
Microsoft Visual Studio Solution File, Format Version 9.00
# Visual Studio 2005
Project("{54435603-DBB4-11D2-8724-00A0C9A8B90C}") = "Installer", "Installer\Installer.vdproj", "{C0462BEB-2663-4286-A211-267CDF2ED020}"
EndProject
Global
	GlobalSection(SolutionConfigurationPlatforms) = preSolution
		Debug|Default = Debug|Default
		Release|Default = Release|Default
	EndGlobalSection
	GlobalSection(ProjectConfigurationPlatforms) = postSolution
		{C0462BEB-2663-4286-A211-267CDF2ED020}.Debug|Default.ActiveCfg = Debug
		{C0462BEB-2663-4286-A211-267CDF2ED020}.Debug|Default.Build.0 = Debug
		{C0462BEB-2663-4286-A211-267CDF2ED020}.Release|Default.ActiveCfg = Release
		{C0462BEB-2663-4286-A211-267CDF2ED020}.Release|Default.Build.0 = Release
	EndGlobalSection
	GlobalSection(SolutionProperties) = preSolution
		HideSolutionNode = FALSE
	EndGlobalSection
EndGlobal
