
Microsoft Visual Studio Solution File, Format Version 9.00
# Visual Studio 2005
Project("{8BC9CEB8-8B4A-11D0-8D11-00A0C91BC942}") = "axis2_parser", "..\..\wsf_c\axis2c\ides\vc\axis2c\axis2_parser\axis2_parser.vcproj", "{D7D7FBA1-5E43-4586-8F69-D4ED2628D2D8}"
	ProjectSection(ProjectDependencies) = postProject
		{3887B3E3-1A45-40E5-BC95-9C51000C86DB} = {3887B3E3-1A45-40E5-BC95-9C51000C86DB}
	EndProjectSection
EndProject
Project("{8BC9CEB8-8B4A-11D0-8D11-00A0C91BC942}") = "axiom", "..\..\wsf_c\axis2c\ides\vc\axis2c\axiom\axiom.vcproj", "{7C816A64-FA96-4C6C-8DB0-5256441F54BC}"
	ProjectSection(ProjectDependencies) = postProject
		{D7D7FBA1-5E43-4586-8F69-D4ED2628D2D8} = {D7D7FBA1-5E43-4586-8F69-D4ED2628D2D8}
		{3887B3E3-1A45-40E5-BC95-9C51000C86DB} = {3887B3E3-1A45-40E5-BC95-9C51000C86DB}
	EndProjectSection
EndProject
Project("{8BC9CEB8-8B4A-11D0-8D11-00A0C91BC942}") = "axis2_engine", "..\..\wsf_c\axis2c\ides\vc\axis2c\axis2_engine\axis2_engine.vcproj", "{9524B8C5-79D9-4470-9A47-8BD163ABBB15}"
	ProjectSection(ProjectDependencies) = postProject
		{20643536-7BF0-4201-9EA6-039E6CF19ADB} = {20643536-7BF0-4201-9EA6-039E6CF19ADB}
		{7C816A64-FA96-4C6C-8DB0-5256441F54BC} = {7C816A64-FA96-4C6C-8DB0-5256441F54BC}
		{D7D7FBA1-5E43-4586-8F69-D4ED2628D2D8} = {D7D7FBA1-5E43-4586-8F69-D4ED2628D2D8}
		{3887B3E3-1A45-40E5-BC95-9C51000C86DB} = {3887B3E3-1A45-40E5-BC95-9C51000C86DB}
	EndProjectSection
EndProject
Project("{8BC9CEB8-8B4A-11D0-8D11-00A0C91BC942}") = "axis2_http_server", "..\..\wsf_c\axis2c\ides\vc\axis2c\axis2_http_server\axis2_http_server.vcproj", "{D2975362-DEAA-41BF-AE5E-E6FCDB526726}"
	ProjectSection(ProjectDependencies) = postProject
		{7332F525-8C77-4FB3-A0C0-FCEB2382F03C} = {7332F525-8C77-4FB3-A0C0-FCEB2382F03C}
		{20643536-7BF0-4201-9EA6-039E6CF19ADB} = {20643536-7BF0-4201-9EA6-039E6CF19ADB}
		{7C816A64-FA96-4C6C-8DB0-5256441F54BC} = {7C816A64-FA96-4C6C-8DB0-5256441F54BC}
		{0DEEAA74-F06D-4C60-B408-1B875B4FB338} = {0DEEAA74-F06D-4C60-B408-1B875B4FB338}
		{9441F689-6ED3-4FF8-9B13-2E80E391DF39} = {9441F689-6ED3-4FF8-9B13-2E80E391DF39}
		{D7D7FBA1-5E43-4586-8F69-D4ED2628D2D8} = {D7D7FBA1-5E43-4586-8F69-D4ED2628D2D8}
		{9524B8C5-79D9-4470-9A47-8BD163ABBB15} = {9524B8C5-79D9-4470-9A47-8BD163ABBB15}
		{3887B3E3-1A45-40E5-BC95-9C51000C86DB} = {3887B3E3-1A45-40E5-BC95-9C51000C86DB}
	EndProjectSection
EndProject
Project("{8BC9CEB8-8B4A-11D0-8D11-00A0C91BC942}") = "axis2_mod_addr", "..\..\wsf_c\axis2c\ides\vc\axis2c\axis2_mod_addr\axis2_mod_addr.vcproj", "{0DEEAA74-F06D-4C60-B408-1B875B4FB338}"
	ProjectSection(ProjectDependencies) = postProject
		{20643536-7BF0-4201-9EA6-039E6CF19ADB} = {20643536-7BF0-4201-9EA6-039E6CF19ADB}
		{7C816A64-FA96-4C6C-8DB0-5256441F54BC} = {7C816A64-FA96-4C6C-8DB0-5256441F54BC}
		{D7D7FBA1-5E43-4586-8F69-D4ED2628D2D8} = {D7D7FBA1-5E43-4586-8F69-D4ED2628D2D8}
		{9524B8C5-79D9-4470-9A47-8BD163ABBB15} = {9524B8C5-79D9-4470-9A47-8BD163ABBB15}
		{3887B3E3-1A45-40E5-BC95-9C51000C86DB} = {3887B3E3-1A45-40E5-BC95-9C51000C86DB}
	EndProjectSection
EndProject
Project("{8BC9CEB8-8B4A-11D0-8D11-00A0C91BC942}") = "axis2_http_sender", "..\..\wsf_c\axis2c\ides\vc\axis2c\axis2_http_sender\axis2_http_sender.vcproj", "{7332F525-8C77-4FB3-A0C0-FCEB2382F03C}"
	ProjectSection(ProjectDependencies) = postProject
		{20643536-7BF0-4201-9EA6-039E6CF19ADB} = {20643536-7BF0-4201-9EA6-039E6CF19ADB}
		{7C816A64-FA96-4C6C-8DB0-5256441F54BC} = {7C816A64-FA96-4C6C-8DB0-5256441F54BC}
		{9524B8C5-79D9-4470-9A47-8BD163ABBB15} = {9524B8C5-79D9-4470-9A47-8BD163ABBB15}
		{3887B3E3-1A45-40E5-BC95-9C51000C86DB} = {3887B3E3-1A45-40E5-BC95-9C51000C86DB}
	EndProjectSection
EndProject
Project("{8BC9CEB8-8B4A-11D0-8D11-00A0C91BC942}") = "axis2_http_receiver", "..\..\wsf_c\axis2c\ides\vc\axis2c\axis2_http_receiver\axis2_http_receiver.vcproj", "{9441F689-6ED3-4FF8-9B13-2E80E391DF39}"
	ProjectSection(ProjectDependencies) = postProject
		{7C816A64-FA96-4C6C-8DB0-5256441F54BC} = {7C816A64-FA96-4C6C-8DB0-5256441F54BC}
		{D7D7FBA1-5E43-4586-8F69-D4ED2628D2D8} = {D7D7FBA1-5E43-4586-8F69-D4ED2628D2D8}
		{9524B8C5-79D9-4470-9A47-8BD163ABBB15} = {9524B8C5-79D9-4470-9A47-8BD163ABBB15}
		{3887B3E3-1A45-40E5-BC95-9C51000C86DB} = {3887B3E3-1A45-40E5-BC95-9C51000C86DB}
	EndProjectSection
EndProject
Project("{8BC9CEB8-8B4A-11D0-8D11-00A0C91BC942}") = "axutil", "..\..\wsf_c\axis2c\ides\vc\axis2c\axutil\axutil.vcproj", "{3887B3E3-1A45-40E5-BC95-9C51000C86DB}"
EndProject
Project("{8BC9CEB8-8B4A-11D0-8D11-00A0C91BC942}") = "neethi", "..\..\wsf_c\axis2c\ides\vc\axis2c\neethi\neethi.vcproj", "{20643536-7BF0-4201-9EA6-039E6CF19ADB}"
	ProjectSection(ProjectDependencies) = postProject
		{7C816A64-FA96-4C6C-8DB0-5256441F54BC} = {7C816A64-FA96-4C6C-8DB0-5256441F54BC}
		{D7D7FBA1-5E43-4586-8F69-D4ED2628D2D8} = {D7D7FBA1-5E43-4586-8F69-D4ED2628D2D8}
		{3887B3E3-1A45-40E5-BC95-9C51000C86DB} = {3887B3E3-1A45-40E5-BC95-9C51000C86DB}
	EndProjectSection
EndProject
Project("{8BC9CEB8-8B4A-11D0-8D11-00A0C91BC942}") = "axis2_tcp_sender", "..\..\wsf_c\axis2c\ides\vc\axis2c\axis2_tcp_sender\axis2_tcp_sender.vcproj", "{830B97B8-D216-45B9-A0CC-6D5828AFD634}"
	ProjectSection(ProjectDependencies) = postProject
		{20643536-7BF0-4201-9EA6-039E6CF19ADB} = {20643536-7BF0-4201-9EA6-039E6CF19ADB}
		{7C816A64-FA96-4C6C-8DB0-5256441F54BC} = {7C816A64-FA96-4C6C-8DB0-5256441F54BC}
		{D7D7FBA1-5E43-4586-8F69-D4ED2628D2D8} = {D7D7FBA1-5E43-4586-8F69-D4ED2628D2D8}
		{9524B8C5-79D9-4470-9A47-8BD163ABBB15} = {9524B8C5-79D9-4470-9A47-8BD163ABBB15}
		{3887B3E3-1A45-40E5-BC95-9C51000C86DB} = {3887B3E3-1A45-40E5-BC95-9C51000C86DB}
	EndProjectSection
EndProject
Project("{8BC9CEB8-8B4A-11D0-8D11-00A0C91BC942}") = "axis2_tcp_receiver", "..\..\wsf_c\axis2c\ides\vc\axis2c\axis2_tcp_receiver\axis2_tcp_receiver.vcproj", "{8C8F2D61-0C61-4E90-9CA2-E0C795725DF7}"
	ProjectSection(ProjectDependencies) = postProject
		{20643536-7BF0-4201-9EA6-039E6CF19ADB} = {20643536-7BF0-4201-9EA6-039E6CF19ADB}
		{7C816A64-FA96-4C6C-8DB0-5256441F54BC} = {7C816A64-FA96-4C6C-8DB0-5256441F54BC}
		{D7D7FBA1-5E43-4586-8F69-D4ED2628D2D8} = {D7D7FBA1-5E43-4586-8F69-D4ED2628D2D8}
		{9524B8C5-79D9-4470-9A47-8BD163ABBB15} = {9524B8C5-79D9-4470-9A47-8BD163ABBB15}
		{3887B3E3-1A45-40E5-BC95-9C51000C86DB} = {3887B3E3-1A45-40E5-BC95-9C51000C86DB}
	EndProjectSection
EndProject
Project("{8BC9CEB8-8B4A-11D0-8D11-00A0C91BC942}") = "axis2_tcp_server", "..\..\wsf_c\axis2c\ides\vc\axis2c\axis2_tcp_server\axis2_tcp_server.vcproj", "{32ECB83C-42CA-4F36-B15B-B3DCD08F041F}"
	ProjectSection(ProjectDependencies) = postProject
		{D2975362-DEAA-41BF-AE5E-E6FCDB526726} = {D2975362-DEAA-41BF-AE5E-E6FCDB526726}
		{7C816A64-FA96-4C6C-8DB0-5256441F54BC} = {7C816A64-FA96-4C6C-8DB0-5256441F54BC}
		{0DEEAA74-F06D-4C60-B408-1B875B4FB338} = {0DEEAA74-F06D-4C60-B408-1B875B4FB338}
		{9441F689-6ED3-4FF8-9B13-2E80E391DF39} = {9441F689-6ED3-4FF8-9B13-2E80E391DF39}
		{D7D7FBA1-5E43-4586-8F69-D4ED2628D2D8} = {D7D7FBA1-5E43-4586-8F69-D4ED2628D2D8}
		{9524B8C5-79D9-4470-9A47-8BD163ABBB15} = {9524B8C5-79D9-4470-9A47-8BD163ABBB15}
		{3887B3E3-1A45-40E5-BC95-9C51000C86DB} = {3887B3E3-1A45-40E5-BC95-9C51000C86DB}
		{8C8F2D61-0C61-4E90-9CA2-E0C795725DF7} = {8C8F2D61-0C61-4E90-9CA2-E0C795725DF7}
		{830B97B8-D216-45B9-A0CC-6D5828AFD634} = {830B97B8-D216-45B9-A0CC-6D5828AFD634}
		{20643536-7BF0-4201-9EA6-039E6CF19ADB} = {20643536-7BF0-4201-9EA6-039E6CF19ADB}
		{7332F525-8C77-4FB3-A0C0-FCEB2382F03C} = {7332F525-8C77-4FB3-A0C0-FCEB2382F03C}
	EndProjectSection
EndProject
Project("{8BC9CEB8-8B4A-11D0-8D11-00A0C91BC942}") = "Rampart", "..\..\wsf_c\rampartc\ides\Rampart\Rampart\Rampart.vcproj", "{671F4A6A-3465-4735-95BB-2E1202EA981A}"
	ProjectSection(ProjectDependencies) = postProject
		{7C816A64-FA96-4C6C-8DB0-5256441F54BC} = {7C816A64-FA96-4C6C-8DB0-5256441F54BC}
		{9524B8C5-79D9-4470-9A47-8BD163ABBB15} = {9524B8C5-79D9-4470-9A47-8BD163ABBB15}
		{9441F689-6ED3-4FF8-9B13-2E80E391DF39} = {9441F689-6ED3-4FF8-9B13-2E80E391DF39}
		{7332F525-8C77-4FB3-A0C0-FCEB2382F03C} = {7332F525-8C77-4FB3-A0C0-FCEB2382F03C}
		{D2975362-DEAA-41BF-AE5E-E6FCDB526726} = {D2975362-DEAA-41BF-AE5E-E6FCDB526726}
		{0DEEAA74-F06D-4C60-B408-1B875B4FB338} = {0DEEAA74-F06D-4C60-B408-1B875B4FB338}
		{D7D7FBA1-5E43-4586-8F69-D4ED2628D2D8} = {D7D7FBA1-5E43-4586-8F69-D4ED2628D2D8}
		{8C8F2D61-0C61-4E90-9CA2-E0C795725DF7} = {8C8F2D61-0C61-4E90-9CA2-E0C795725DF7}
		{830B97B8-D216-45B9-A0CC-6D5828AFD634} = {830B97B8-D216-45B9-A0CC-6D5828AFD634}
		{32ECB83C-42CA-4F36-B15B-B3DCD08F041F} = {32ECB83C-42CA-4F36-B15B-B3DCD08F041F}
		{3887B3E3-1A45-40E5-BC95-9C51000C86DB} = {3887B3E3-1A45-40E5-BC95-9C51000C86DB}
		{20643536-7BF0-4201-9EA6-039E6CF19ADB} = {20643536-7BF0-4201-9EA6-039E6CF19ADB}
	EndProjectSection
EndProject
Project("{8BC9CEB8-8B4A-11D0-8D11-00A0C91BC942}") = "sandesha2", "..\..\wsf_c\sandesha2c\ides\vc8\sandesha2\sandesha2\sandesha2.vcproj", "{5D4A55B6-5A2A-4B2E-8DE3-AF69F1DFCB1C}"
	ProjectSection(ProjectDependencies) = postProject
		{7C816A64-FA96-4C6C-8DB0-5256441F54BC} = {7C816A64-FA96-4C6C-8DB0-5256441F54BC}
		{9524B8C5-79D9-4470-9A47-8BD163ABBB15} = {9524B8C5-79D9-4470-9A47-8BD163ABBB15}
		{9441F689-6ED3-4FF8-9B13-2E80E391DF39} = {9441F689-6ED3-4FF8-9B13-2E80E391DF39}
		{7332F525-8C77-4FB3-A0C0-FCEB2382F03C} = {7332F525-8C77-4FB3-A0C0-FCEB2382F03C}
		{D2975362-DEAA-41BF-AE5E-E6FCDB526726} = {D2975362-DEAA-41BF-AE5E-E6FCDB526726}
		{0DEEAA74-F06D-4C60-B408-1B875B4FB338} = {0DEEAA74-F06D-4C60-B408-1B875B4FB338}
		{D7D7FBA1-5E43-4586-8F69-D4ED2628D2D8} = {D7D7FBA1-5E43-4586-8F69-D4ED2628D2D8}
		{8C8F2D61-0C61-4E90-9CA2-E0C795725DF7} = {8C8F2D61-0C61-4E90-9CA2-E0C795725DF7}
		{830B97B8-D216-45B9-A0CC-6D5828AFD634} = {830B97B8-D216-45B9-A0CC-6D5828AFD634}
		{32ECB83C-42CA-4F36-B15B-B3DCD08F041F} = {32ECB83C-42CA-4F36-B15B-B3DCD08F041F}
		{3887B3E3-1A45-40E5-BC95-9C51000C86DB} = {3887B3E3-1A45-40E5-BC95-9C51000C86DB}
		{20643536-7BF0-4201-9EA6-039E6CF19ADB} = {20643536-7BF0-4201-9EA6-039E6CF19ADB}
	EndProjectSection
EndProject
Project("{8BC9CEB8-8B4A-11D0-8D11-00A0C91BC942}") = "wsfcpp", "wsfcpp\wsfcpp.vcproj", "{CE366ECF-5420-4B6F-8C10-0AC014031117}"
	ProjectSection(ProjectDependencies) = postProject
		{7332F525-8C77-4FB3-A0C0-FCEB2382F03C} = {7332F525-8C77-4FB3-A0C0-FCEB2382F03C}
		{20643536-7BF0-4201-9EA6-039E6CF19ADB} = {20643536-7BF0-4201-9EA6-039E6CF19ADB}
		{32ECB83C-42CA-4F36-B15B-B3DCD08F041F} = {32ECB83C-42CA-4F36-B15B-B3DCD08F041F}
		{8C8F2D61-0C61-4E90-9CA2-E0C795725DF7} = {8C8F2D61-0C61-4E90-9CA2-E0C795725DF7}
		{D2975362-DEAA-41BF-AE5E-E6FCDB526726} = {D2975362-DEAA-41BF-AE5E-E6FCDB526726}
		{7C816A64-FA96-4C6C-8DB0-5256441F54BC} = {7C816A64-FA96-4C6C-8DB0-5256441F54BC}
		{671F4A6A-3465-4735-95BB-2E1202EA981A} = {671F4A6A-3465-4735-95BB-2E1202EA981A}
		{0DEEAA74-F06D-4C60-B408-1B875B4FB338} = {0DEEAA74-F06D-4C60-B408-1B875B4FB338}
		{9441F689-6ED3-4FF8-9B13-2E80E391DF39} = {9441F689-6ED3-4FF8-9B13-2E80E391DF39}
		{D7D7FBA1-5E43-4586-8F69-D4ED2628D2D8} = {D7D7FBA1-5E43-4586-8F69-D4ED2628D2D8}
		{5D4A55B6-5A2A-4B2E-8DE3-AF69F1DFCB1C} = {5D4A55B6-5A2A-4B2E-8DE3-AF69F1DFCB1C}
		{830B97B8-D216-45B9-A0CC-6D5828AFD634} = {830B97B8-D216-45B9-A0CC-6D5828AFD634}
		{9524B8C5-79D9-4470-9A47-8BD163ABBB15} = {9524B8C5-79D9-4470-9A47-8BD163ABBB15}
		{3887B3E3-1A45-40E5-BC95-9C51000C86DB} = {3887B3E3-1A45-40E5-BC95-9C51000C86DB}
	EndProjectSection
EndProject
Global
	GlobalSection(SolutionConfigurationPlatforms) = preSolution
		Debug|Win32 = Debug|Win32
		Release|Win32 = Release|Win32
	EndGlobalSection
	GlobalSection(ProjectConfigurationPlatforms) = postSolution
		{D7D7FBA1-5E43-4586-8F69-D4ED2628D2D8}.Debug|Win32.ActiveCfg = Debug|Win32
		{D7D7FBA1-5E43-4586-8F69-D4ED2628D2D8}.Debug|Win32.Build.0 = Debug|Win32
		{D7D7FBA1-5E43-4586-8F69-D4ED2628D2D8}.Release|Win32.ActiveCfg = Release|Win32
		{D7D7FBA1-5E43-4586-8F69-D4ED2628D2D8}.Release|Win32.Build.0 = Release|Win32
		{7C816A64-FA96-4C6C-8DB0-5256441F54BC}.Debug|Win32.ActiveCfg = Debug|Win32
		{7C816A64-FA96-4C6C-8DB0-5256441F54BC}.Debug|Win32.Build.0 = Debug|Win32
		{7C816A64-FA96-4C6C-8DB0-5256441F54BC}.Release|Win32.ActiveCfg = Release|Win32
		{7C816A64-FA96-4C6C-8DB0-5256441F54BC}.Release|Win32.Build.0 = Release|Win32
		{9524B8C5-79D9-4470-9A47-8BD163ABBB15}.Debug|Win32.ActiveCfg = Debug|Win32
		{9524B8C5-79D9-4470-9A47-8BD163ABBB15}.Debug|Win32.Build.0 = Debug|Win32
		{9524B8C5-79D9-4470-9A47-8BD163ABBB15}.Release|Win32.ActiveCfg = Release|Win32
		{9524B8C5-79D9-4470-9A47-8BD163ABBB15}.Release|Win32.Build.0 = Release|Win32
		{D2975362-DEAA-41BF-AE5E-E6FCDB526726}.Debug|Win32.ActiveCfg = Debug|Win32
		{D2975362-DEAA-41BF-AE5E-E6FCDB526726}.Debug|Win32.Build.0 = Debug|Win32
		{D2975362-DEAA-41BF-AE5E-E6FCDB526726}.Release|Win32.ActiveCfg = Release|Win32
		{D2975362-DEAA-41BF-AE5E-E6FCDB526726}.Release|Win32.Build.0 = Release|Win32
		{0DEEAA74-F06D-4C60-B408-1B875B4FB338}.Debug|Win32.ActiveCfg = Debug|Win32
		{0DEEAA74-F06D-4C60-B408-1B875B4FB338}.Debug|Win32.Build.0 = Debug|Win32
		{0DEEAA74-F06D-4C60-B408-1B875B4FB338}.Release|Win32.ActiveCfg = Release|Win32
		{0DEEAA74-F06D-4C60-B408-1B875B4FB338}.Release|Win32.Build.0 = Release|Win32
		{7332F525-8C77-4FB3-A0C0-FCEB2382F03C}.Debug|Win32.ActiveCfg = Debug|Win32
		{7332F525-8C77-4FB3-A0C0-FCEB2382F03C}.Debug|Win32.Build.0 = Debug|Win32
		{7332F525-8C77-4FB3-A0C0-FCEB2382F03C}.Release|Win32.ActiveCfg = Release|Win32
		{7332F525-8C77-4FB3-A0C0-FCEB2382F03C}.Release|Win32.Build.0 = Release|Win32
		{9441F689-6ED3-4FF8-9B13-2E80E391DF39}.Debug|Win32.ActiveCfg = Debug|Win32
		{9441F689-6ED3-4FF8-9B13-2E80E391DF39}.Debug|Win32.Build.0 = Debug|Win32
		{9441F689-6ED3-4FF8-9B13-2E80E391DF39}.Release|Win32.ActiveCfg = Release|Win32
		{9441F689-6ED3-4FF8-9B13-2E80E391DF39}.Release|Win32.Build.0 = Release|Win32
		{3887B3E3-1A45-40E5-BC95-9C51000C86DB}.Debug|Win32.ActiveCfg = Debug|Win32
		{3887B3E3-1A45-40E5-BC95-9C51000C86DB}.Debug|Win32.Build.0 = Debug|Win32
		{3887B3E3-1A45-40E5-BC95-9C51000C86DB}.Release|Win32.ActiveCfg = Release|Win32
		{3887B3E3-1A45-40E5-BC95-9C51000C86DB}.Release|Win32.Build.0 = Release|Win32
		{20643536-7BF0-4201-9EA6-039E6CF19ADB}.Debug|Win32.ActiveCfg = Debug|Win32
		{20643536-7BF0-4201-9EA6-039E6CF19ADB}.Debug|Win32.Build.0 = Debug|Win32
		{20643536-7BF0-4201-9EA6-039E6CF19ADB}.Release|Win32.ActiveCfg = Release|Win32
		{20643536-7BF0-4201-9EA6-039E6CF19ADB}.Release|Win32.Build.0 = Release|Win32
		{830B97B8-D216-45B9-A0CC-6D5828AFD634}.Debug|Win32.ActiveCfg = Debug|Win32
		{830B97B8-D216-45B9-A0CC-6D5828AFD634}.Debug|Win32.Build.0 = Debug|Win32
		{830B97B8-D216-45B9-A0CC-6D5828AFD634}.Release|Win32.ActiveCfg = Release|Win32
		{830B97B8-D216-45B9-A0CC-6D5828AFD634}.Release|Win32.Build.0 = Release|Win32
		{8C8F2D61-0C61-4E90-9CA2-E0C795725DF7}.Debug|Win32.ActiveCfg = Debug|Win32
		{8C8F2D61-0C61-4E90-9CA2-E0C795725DF7}.Debug|Win32.Build.0 = Debug|Win32
		{8C8F2D61-0C61-4E90-9CA2-E0C795725DF7}.Release|Win32.ActiveCfg = Release|Win32
		{8C8F2D61-0C61-4E90-9CA2-E0C795725DF7}.Release|Win32.Build.0 = Release|Win32
		{32ECB83C-42CA-4F36-B15B-B3DCD08F041F}.Debug|Win32.ActiveCfg = Debug|Win32
		{32ECB83C-42CA-4F36-B15B-B3DCD08F041F}.Debug|Win32.Build.0 = Debug|Win32
		{32ECB83C-42CA-4F36-B15B-B3DCD08F041F}.Release|Win32.ActiveCfg = Release|Win32
		{32ECB83C-42CA-4F36-B15B-B3DCD08F041F}.Release|Win32.Build.0 = Release|Win32
		{671F4A6A-3465-4735-95BB-2E1202EA981A}.Debug|Win32.ActiveCfg = Debug|Win32
		{671F4A6A-3465-4735-95BB-2E1202EA981A}.Debug|Win32.Build.0 = Debug|Win32
		{671F4A6A-3465-4735-95BB-2E1202EA981A}.Release|Win32.ActiveCfg = Release|Win32
		{671F4A6A-3465-4735-95BB-2E1202EA981A}.Release|Win32.Build.0 = Release|Win32
		{5D4A55B6-5A2A-4B2E-8DE3-AF69F1DFCB1C}.Debug|Win32.ActiveCfg = Debug|Win32
		{5D4A55B6-5A2A-4B2E-8DE3-AF69F1DFCB1C}.Debug|Win32.Build.0 = Debug|Win32
		{5D4A55B6-5A2A-4B2E-8DE3-AF69F1DFCB1C}.Release|Win32.ActiveCfg = Release|Win32
		{5D4A55B6-5A2A-4B2E-8DE3-AF69F1DFCB1C}.Release|Win32.Build.0 = Release|Win32
		{CE366ECF-5420-4B6F-8C10-0AC014031117}.Debug|Win32.ActiveCfg = Debug|Win32
		{CE366ECF-5420-4B6F-8C10-0AC014031117}.Debug|Win32.Build.0 = Debug|Win32
		{CE366ECF-5420-4B6F-8C10-0AC014031117}.Release|Win32.ActiveCfg = Release|Win32
		{CE366ECF-5420-4B6F-8C10-0AC014031117}.Release|Win32.Build.0 = Release|Win32
	EndGlobalSection
	GlobalSection(SolutionProperties) = preSolution
		HideSolutionNode = FALSE
	EndGlobalSection
EndGlobal
