
Microsoft Visual Studio Solution File, Format Version 10.00
# Visual Studio 2008
Project("{2150E333-8FDC-42A3-9474-1A3956D46DE8}") = "samples", "samples", "{2FE47F67-7948-472F-9579-9F8BB42C9EEA}"
EndProject
Project("{2150E333-8FDC-42A3-9474-1A3956D46DE8}") = "clients", "clients", "{B45880FF-9545-487D-BF19-5470A1DF33ED}"
EndProject
Project("{2150E333-8FDC-42A3-9474-1A3956D46DE8}") = "security", "security", "{4A183623-2475-4851-BA65-A198B31551AC}"
EndProject
Project("{2150E333-8FDC-42A3-9474-1A3956D46DE8}") = "buildfiles", "buildfiles", "{68459F8C-C2A1-4FDF-AA2B-CB16B8F20DAF}"
	ProjectSection(SolutionItems) = preProject
		..\..\AUTHORS = ..\..\AUTHORS
		..\..\build.bat = ..\..\build.bat
		..\..\ChangeLog = ..\..\ChangeLog
		..\..\clean.bat = ..\..\clean.bat
		..\..\configure.in = ..\..\configure.in
		..\..\COPYING = ..\..\COPYING
		..\..\init.bat = ..\..\init.bat
		..\..\INSTALL = ..\..\INSTALL
		..\..\NEWS = ..\..\NEWS
		..\..\NOTICE = ..\..\NOTICE
		..\..\README = ..\..\README
		..\..\README.INSTALL.WINDOWS = ..\..\README.INSTALL.WINDOWS
		..\..\README.SAMPLES = ..\..\README.SAMPLES
		..\..\examples\samples.mk = ..\..\examples\samples.mk
	EndProjectSection
EndProject
Project("{2150E333-8FDC-42A3-9474-1A3956D46DE8}") = "services", "services", "{B73BE2C9-9A9F-49ED-9692-608C15A5B6AA}"
EndProject
Project("{8BC9CEB8-8B4A-11D0-8D11-00A0C91BC942}") = "wso2_wsf", "wsfcpp\wsfcpp.vcproj", "{CE366ECF-5420-4B6F-8C10-0AC014031117}"
	ProjectSection(ProjectDependencies) = postProject
		{D30AB8C9-3641-4C2D-8A7A-4EF7B0FFBA44} = {D30AB8C9-3641-4C2D-8A7A-4EF7B0FFBA44}
	EndProjectSection
EndProject
Project("{8BC9CEB8-8B4A-11D0-8D11-00A0C91BC942}") = "echo", "samples\echo\echo.vcproj", "{29C5EC95-67EE-4F90-B29B-175A007E6F94}"
	ProjectSection(ProjectDependencies) = postProject
		{CE366ECF-5420-4B6F-8C10-0AC014031117} = {CE366ECF-5420-4B6F-8C10-0AC014031117}
		{9C71E767-335E-49B6-94BC-B359038479C1} = {9C71E767-335E-49B6-94BC-B359038479C1}
	EndProjectSection
EndProject
Project("{8BC9CEB8-8B4A-11D0-8D11-00A0C91BC942}") = "echo_blocking", "samples\echo_blocking\echo_blocking.vcproj", "{D4FA0FA4-EC1F-4FBE-B45C-9BEED251CFC8}"
EndProject
Project("{8BC9CEB8-8B4A-11D0-8D11-00A0C91BC942}") = "echo_blocking_addr", "samples\echo_blocking_addr\echo_blocking_addr.vcproj", "{066F10C5-1F2E-4E73-B8F6-C3C8B5E65321}"
EndProject
Project("{8BC9CEB8-8B4A-11D0-8D11-00A0C91BC942}") = "echo_blocking_dual", "samples\echo_blocking_dual\echo_blocking_dual.vcproj", "{439F68C9-348C-43E0-9FC7-CA8F3385BCF3}"
EndProject
Project("{8BC9CEB8-8B4A-11D0-8D11-00A0C91BC942}") = "echo_blocking_soap11", "samples\echo_blocking_soap11\echo_blocking_soap11.vcproj", "{BB1A2E0E-7260-4B36-A759-7B27162CA683}"
EndProject
Project("{8BC9CEB8-8B4A-11D0-8D11-00A0C91BC942}") = "echo_non_blocking", "samples\echo_non_blocking\echo_non_blocking.vcproj", "{D9771CCC-8E30-4B09-A3F8-DC6EE9AB2847}"
EndProject
Project("{8BC9CEB8-8B4A-11D0-8D11-00A0C91BC942}") = "echo_non_blocking_dual", "samples\echo_non_blocking_dual\echo_non_blocking_dual.vcproj", "{5B2D3E6D-AABE-4B08-9DF9-28DF3115013C}"
EndProject
Project("{8BC9CEB8-8B4A-11D0-8D11-00A0C91BC942}") = "echo_rest", "samples\echo_rest\echo_rest.vcproj", "{D7CF2674-D85D-4256-B440-B49F116B1957}"
EndProject
Project("{8BC9CEB8-8B4A-11D0-8D11-00A0C91BC942}") = "flickr", "samples\flickr\flickr.vcproj", "{AEEE4D37-BB4D-4B39-B9C9-201A6A2CBA56}"
EndProject
Project("{8BC9CEB8-8B4A-11D0-8D11-00A0C91BC942}") = "google", "samples\google\google.vcproj", "{D30AB8C9-3641-4C2D-8A7A-4EF7B0FFBA44}"
EndProject
Project("{8BC9CEB8-8B4A-11D0-8D11-00A0C91BC942}") = "math", "samples\math\math.vcproj", "{50B43942-3DEF-46BE-969E-3CC7722B8FE9}"
EndProject
Project("{8BC9CEB8-8B4A-11D0-8D11-00A0C91BC942}") = "mtom", "samples\mtom\mtom.vcproj", "{A905741C-7DE2-457A-B6DF-0825E72C9335}"
EndProject
Project("{8BC9CEB8-8B4A-11D0-8D11-00A0C91BC942}") = "notify", "samples\notify\notify.vcproj", "{4A2BE15D-A5D5-4E52-8394-7B1798A390FA}"
EndProject
Project("{8BC9CEB8-8B4A-11D0-8D11-00A0C91BC942}") = "sec_echo", "samples\sec_echo\sec_echo.vcproj", "{101DC893-FEAB-45F9-BEFA-93A5CCE58B67}"
	ProjectSection(ProjectDependencies) = postProject
		{93908B86-5A97-4D56-A03C-A82F8016F176} = {93908B86-5A97-4D56-A03C-A82F8016F176}
	EndProjectSection
EndProject
Project("{8BC9CEB8-8B4A-11D0-8D11-00A0C91BC942}") = "wsf_cpp_msg_recv", "wsf_cpp_msg_recv\wsf_cpp_msg_recv.vcproj", "{9C71E767-335E-49B6-94BC-B359038479C1}"
	ProjectSection(ProjectDependencies) = postProject
		{CE366ECF-5420-4B6F-8C10-0AC014031117} = {CE366ECF-5420-4B6F-8C10-0AC014031117}
		{93908B86-5A97-4D56-A03C-A82F8016F176} = {93908B86-5A97-4D56-A03C-A82F8016F176}
	EndProjectSection
EndProject
Project("{8BC9CEB8-8B4A-11D0-8D11-00A0C91BC942}") = "echo", "samples\services\echo\echo.vcproj", "{4A199764-3912-40B8-8F4B-1CBC85F9CF9C}"
EndProject
Project("{8BC9CEB8-8B4A-11D0-8D11-00A0C91BC942}") = "mtomcpp", "samples\services\mtomcpp\mtomcpp.vcproj", "{93195C62-8396-4599-8BE6-A6B183134F28}"
EndProject
Project("{8BC9CEB8-8B4A-11D0-8D11-00A0C91BC942}") = "versioncpp", "samples\services\versioncpp\versioncpp.vcproj", "{7D70D9F9-D3A9-41DD-B2A9-E9A8FF621C31}"
EndProject
Project("{8BC9CEB8-8B4A-11D0-8D11-00A0C91BC942}") = "yahoo", "samples\yahoo\yahoo.vcproj", "{6544D985-6384-41D1-931E-BD5481049690}"
EndProject
Project("{8BC9CEB8-8B4A-11D0-8D11-00A0C91BC942}") = "mathservice", "samples\services\mathservice\mathservice.vcproj", "{D22933D7-ADF4-4C22-B29E-4415951AB701}"
EndProject
Project("{8BC9CEB8-8B4A-11D0-8D11-00A0C91BC942}") = "notify", "samples\services\notify\notify.vcproj", "{53AAA392-CC79-43BC-9D86-15EAD57824E5}"
EndProject
Project("{8BC9CEB8-8B4A-11D0-8D11-00A0C91BC942}") = "wso2_wsf_security", "wso2_wsf_security\wso2_wsf_security.vcproj", "{93908B86-5A97-4D56-A03C-A82F8016F176}"
	ProjectSection(ProjectDependencies) = postProject
		{CE366ECF-5420-4B6F-8C10-0AC014031117} = {CE366ECF-5420-4B6F-8C10-0AC014031117}
	EndProjectSection
EndProject
Global
	GlobalSection(SolutionConfigurationPlatforms) = preSolution
		Debug|Win32 = Debug|Win32
		Release|Win32 = Release|Win32
	EndGlobalSection
	GlobalSection(ProjectConfigurationPlatforms) = postSolution
		{CE366ECF-5420-4B6F-8C10-0AC014031117}.Debug|Win32.ActiveCfg = Debug|Win32
		{CE366ECF-5420-4B6F-8C10-0AC014031117}.Debug|Win32.Build.0 = Debug|Win32
		{CE366ECF-5420-4B6F-8C10-0AC014031117}.Release|Win32.ActiveCfg = Release|Win32
		{CE366ECF-5420-4B6F-8C10-0AC014031117}.Release|Win32.Build.0 = Release|Win32
		{29C5EC95-67EE-4F90-B29B-175A007E6F94}.Debug|Win32.ActiveCfg = Debug|Win32
		{29C5EC95-67EE-4F90-B29B-175A007E6F94}.Debug|Win32.Build.0 = Debug|Win32
		{29C5EC95-67EE-4F90-B29B-175A007E6F94}.Release|Win32.ActiveCfg = Release|Win32
		{29C5EC95-67EE-4F90-B29B-175A007E6F94}.Release|Win32.Build.0 = Release|Win32
		{D4FA0FA4-EC1F-4FBE-B45C-9BEED251CFC8}.Debug|Win32.ActiveCfg = Debug|Win32
		{D4FA0FA4-EC1F-4FBE-B45C-9BEED251CFC8}.Debug|Win32.Build.0 = Debug|Win32
		{D4FA0FA4-EC1F-4FBE-B45C-9BEED251CFC8}.Release|Win32.ActiveCfg = Release|Win32
		{D4FA0FA4-EC1F-4FBE-B45C-9BEED251CFC8}.Release|Win32.Build.0 = Release|Win32
		{066F10C5-1F2E-4E73-B8F6-C3C8B5E65321}.Debug|Win32.ActiveCfg = Debug|Win32
		{066F10C5-1F2E-4E73-B8F6-C3C8B5E65321}.Debug|Win32.Build.0 = Debug|Win32
		{066F10C5-1F2E-4E73-B8F6-C3C8B5E65321}.Release|Win32.ActiveCfg = Release|Win32
		{066F10C5-1F2E-4E73-B8F6-C3C8B5E65321}.Release|Win32.Build.0 = Release|Win32
		{439F68C9-348C-43E0-9FC7-CA8F3385BCF3}.Debug|Win32.ActiveCfg = Debug|Win32
		{439F68C9-348C-43E0-9FC7-CA8F3385BCF3}.Debug|Win32.Build.0 = Debug|Win32
		{439F68C9-348C-43E0-9FC7-CA8F3385BCF3}.Release|Win32.ActiveCfg = Release|Win32
		{439F68C9-348C-43E0-9FC7-CA8F3385BCF3}.Release|Win32.Build.0 = Release|Win32
		{BB1A2E0E-7260-4B36-A759-7B27162CA683}.Debug|Win32.ActiveCfg = Debug|Win32
		{BB1A2E0E-7260-4B36-A759-7B27162CA683}.Debug|Win32.Build.0 = Debug|Win32
		{BB1A2E0E-7260-4B36-A759-7B27162CA683}.Release|Win32.ActiveCfg = Release|Win32
		{BB1A2E0E-7260-4B36-A759-7B27162CA683}.Release|Win32.Build.0 = Release|Win32
		{D9771CCC-8E30-4B09-A3F8-DC6EE9AB2847}.Debug|Win32.ActiveCfg = Debug|Win32
		{D9771CCC-8E30-4B09-A3F8-DC6EE9AB2847}.Debug|Win32.Build.0 = Debug|Win32
		{D9771CCC-8E30-4B09-A3F8-DC6EE9AB2847}.Release|Win32.ActiveCfg = Release|Win32
		{D9771CCC-8E30-4B09-A3F8-DC6EE9AB2847}.Release|Win32.Build.0 = Release|Win32
		{5B2D3E6D-AABE-4B08-9DF9-28DF3115013C}.Debug|Win32.ActiveCfg = Debug|Win32
		{5B2D3E6D-AABE-4B08-9DF9-28DF3115013C}.Debug|Win32.Build.0 = Debug|Win32
		{5B2D3E6D-AABE-4B08-9DF9-28DF3115013C}.Release|Win32.ActiveCfg = Release|Win32
		{5B2D3E6D-AABE-4B08-9DF9-28DF3115013C}.Release|Win32.Build.0 = Release|Win32
		{D7CF2674-D85D-4256-B440-B49F116B1957}.Debug|Win32.ActiveCfg = Debug|Win32
		{D7CF2674-D85D-4256-B440-B49F116B1957}.Debug|Win32.Build.0 = Debug|Win32
		{D7CF2674-D85D-4256-B440-B49F116B1957}.Release|Win32.ActiveCfg = Release|Win32
		{D7CF2674-D85D-4256-B440-B49F116B1957}.Release|Win32.Build.0 = Release|Win32
		{AEEE4D37-BB4D-4B39-B9C9-201A6A2CBA56}.Debug|Win32.ActiveCfg = Debug|Win32
		{AEEE4D37-BB4D-4B39-B9C9-201A6A2CBA56}.Debug|Win32.Build.0 = Debug|Win32
		{AEEE4D37-BB4D-4B39-B9C9-201A6A2CBA56}.Release|Win32.ActiveCfg = Release|Win32
		{AEEE4D37-BB4D-4B39-B9C9-201A6A2CBA56}.Release|Win32.Build.0 = Release|Win32
		{D30AB8C9-3641-4C2D-8A7A-4EF7B0FFBA44}.Debug|Win32.ActiveCfg = Debug|Win32
		{D30AB8C9-3641-4C2D-8A7A-4EF7B0FFBA44}.Debug|Win32.Build.0 = Debug|Win32
		{D30AB8C9-3641-4C2D-8A7A-4EF7B0FFBA44}.Release|Win32.ActiveCfg = Release|Win32
		{D30AB8C9-3641-4C2D-8A7A-4EF7B0FFBA44}.Release|Win32.Build.0 = Release|Win32
		{50B43942-3DEF-46BE-969E-3CC7722B8FE9}.Debug|Win32.ActiveCfg = Debug|Win32
		{50B43942-3DEF-46BE-969E-3CC7722B8FE9}.Debug|Win32.Build.0 = Debug|Win32
		{50B43942-3DEF-46BE-969E-3CC7722B8FE9}.Release|Win32.ActiveCfg = Release|Win32
		{50B43942-3DEF-46BE-969E-3CC7722B8FE9}.Release|Win32.Build.0 = Release|Win32
		{A905741C-7DE2-457A-B6DF-0825E72C9335}.Debug|Win32.ActiveCfg = Debug|Win32
		{A905741C-7DE2-457A-B6DF-0825E72C9335}.Debug|Win32.Build.0 = Debug|Win32
		{A905741C-7DE2-457A-B6DF-0825E72C9335}.Release|Win32.ActiveCfg = Release|Win32
		{A905741C-7DE2-457A-B6DF-0825E72C9335}.Release|Win32.Build.0 = Release|Win32
		{4A2BE15D-A5D5-4E52-8394-7B1798A390FA}.Debug|Win32.ActiveCfg = Debug|Win32
		{4A2BE15D-A5D5-4E52-8394-7B1798A390FA}.Debug|Win32.Build.0 = Debug|Win32
		{4A2BE15D-A5D5-4E52-8394-7B1798A390FA}.Release|Win32.ActiveCfg = Release|Win32
		{4A2BE15D-A5D5-4E52-8394-7B1798A390FA}.Release|Win32.Build.0 = Release|Win32
		{101DC893-FEAB-45F9-BEFA-93A5CCE58B67}.Debug|Win32.ActiveCfg = Debug|Win32
		{101DC893-FEAB-45F9-BEFA-93A5CCE58B67}.Debug|Win32.Build.0 = Debug|Win32
		{101DC893-FEAB-45F9-BEFA-93A5CCE58B67}.Release|Win32.ActiveCfg = Release|Win32
		{101DC893-FEAB-45F9-BEFA-93A5CCE58B67}.Release|Win32.Build.0 = Release|Win32
		{9C71E767-335E-49B6-94BC-B359038479C1}.Debug|Win32.ActiveCfg = Debug|Win32
		{9C71E767-335E-49B6-94BC-B359038479C1}.Debug|Win32.Build.0 = Debug|Win32
		{9C71E767-335E-49B6-94BC-B359038479C1}.Release|Win32.ActiveCfg = Release|Win32
		{9C71E767-335E-49B6-94BC-B359038479C1}.Release|Win32.Build.0 = Release|Win32
		{4A199764-3912-40B8-8F4B-1CBC85F9CF9C}.Debug|Win32.ActiveCfg = Debug|Win32
		{4A199764-3912-40B8-8F4B-1CBC85F9CF9C}.Debug|Win32.Build.0 = Debug|Win32
		{4A199764-3912-40B8-8F4B-1CBC85F9CF9C}.Release|Win32.ActiveCfg = Release|Win32
		{4A199764-3912-40B8-8F4B-1CBC85F9CF9C}.Release|Win32.Build.0 = Release|Win32
		{93195C62-8396-4599-8BE6-A6B183134F28}.Debug|Win32.ActiveCfg = Debug|Win32
		{93195C62-8396-4599-8BE6-A6B183134F28}.Debug|Win32.Build.0 = Debug|Win32
		{93195C62-8396-4599-8BE6-A6B183134F28}.Release|Win32.ActiveCfg = Release|Win32
		{93195C62-8396-4599-8BE6-A6B183134F28}.Release|Win32.Build.0 = Release|Win32
		{7D70D9F9-D3A9-41DD-B2A9-E9A8FF621C31}.Debug|Win32.ActiveCfg = Debug|Win32
		{7D70D9F9-D3A9-41DD-B2A9-E9A8FF621C31}.Debug|Win32.Build.0 = Debug|Win32
		{7D70D9F9-D3A9-41DD-B2A9-E9A8FF621C31}.Release|Win32.ActiveCfg = Release|Win32
		{7D70D9F9-D3A9-41DD-B2A9-E9A8FF621C31}.Release|Win32.Build.0 = Release|Win32
		{6544D985-6384-41D1-931E-BD5481049690}.Debug|Win32.ActiveCfg = Debug|Win32
		{6544D985-6384-41D1-931E-BD5481049690}.Debug|Win32.Build.0 = Debug|Win32
		{6544D985-6384-41D1-931E-BD5481049690}.Release|Win32.ActiveCfg = Release|Win32
		{6544D985-6384-41D1-931E-BD5481049690}.Release|Win32.Build.0 = Release|Win32
		{D22933D7-ADF4-4C22-B29E-4415951AB701}.Debug|Win32.ActiveCfg = Debug|Win32
		{D22933D7-ADF4-4C22-B29E-4415951AB701}.Debug|Win32.Build.0 = Debug|Win32
		{D22933D7-ADF4-4C22-B29E-4415951AB701}.Release|Win32.ActiveCfg = Release|Win32
		{D22933D7-ADF4-4C22-B29E-4415951AB701}.Release|Win32.Build.0 = Release|Win32
		{53AAA392-CC79-43BC-9D86-15EAD57824E5}.Debug|Win32.ActiveCfg = Debug|Win32
		{53AAA392-CC79-43BC-9D86-15EAD57824E5}.Debug|Win32.Build.0 = Debug|Win32
		{53AAA392-CC79-43BC-9D86-15EAD57824E5}.Release|Win32.ActiveCfg = Release|Win32
		{53AAA392-CC79-43BC-9D86-15EAD57824E5}.Release|Win32.Build.0 = Release|Win32
		{93908B86-5A97-4D56-A03C-A82F8016F176}.Debug|Win32.ActiveCfg = Debug|Win32
		{93908B86-5A97-4D56-A03C-A82F8016F176}.Debug|Win32.Build.0 = Debug|Win32
		{93908B86-5A97-4D56-A03C-A82F8016F176}.Release|Win32.ActiveCfg = Release|Win32
		{93908B86-5A97-4D56-A03C-A82F8016F176}.Release|Win32.Build.0 = Release|Win32
	EndGlobalSection
	GlobalSection(SolutionProperties) = preSolution
		HideSolutionNode = FALSE
	EndGlobalSection
	GlobalSection(NestedProjects) = preSolution
		{B45880FF-9545-487D-BF19-5470A1DF33ED} = {2FE47F67-7948-472F-9579-9F8BB42C9EEA}
		{B73BE2C9-9A9F-49ED-9692-608C15A5B6AA} = {2FE47F67-7948-472F-9579-9F8BB42C9EEA}
		{4A183623-2475-4851-BA65-A198B31551AC} = {B45880FF-9545-487D-BF19-5470A1DF33ED}
		{29C5EC95-67EE-4F90-B29B-175A007E6F94} = {B45880FF-9545-487D-BF19-5470A1DF33ED}
		{D4FA0FA4-EC1F-4FBE-B45C-9BEED251CFC8} = {B45880FF-9545-487D-BF19-5470A1DF33ED}
		{066F10C5-1F2E-4E73-B8F6-C3C8B5E65321} = {B45880FF-9545-487D-BF19-5470A1DF33ED}
		{439F68C9-348C-43E0-9FC7-CA8F3385BCF3} = {B45880FF-9545-487D-BF19-5470A1DF33ED}
		{BB1A2E0E-7260-4B36-A759-7B27162CA683} = {B45880FF-9545-487D-BF19-5470A1DF33ED}
		{D9771CCC-8E30-4B09-A3F8-DC6EE9AB2847} = {B45880FF-9545-487D-BF19-5470A1DF33ED}
		{5B2D3E6D-AABE-4B08-9DF9-28DF3115013C} = {B45880FF-9545-487D-BF19-5470A1DF33ED}
		{D7CF2674-D85D-4256-B440-B49F116B1957} = {B45880FF-9545-487D-BF19-5470A1DF33ED}
		{AEEE4D37-BB4D-4B39-B9C9-201A6A2CBA56} = {B45880FF-9545-487D-BF19-5470A1DF33ED}
		{D30AB8C9-3641-4C2D-8A7A-4EF7B0FFBA44} = {B45880FF-9545-487D-BF19-5470A1DF33ED}
		{50B43942-3DEF-46BE-969E-3CC7722B8FE9} = {B45880FF-9545-487D-BF19-5470A1DF33ED}
		{A905741C-7DE2-457A-B6DF-0825E72C9335} = {B45880FF-9545-487D-BF19-5470A1DF33ED}
		{4A2BE15D-A5D5-4E52-8394-7B1798A390FA} = {B45880FF-9545-487D-BF19-5470A1DF33ED}
		{6544D985-6384-41D1-931E-BD5481049690} = {B45880FF-9545-487D-BF19-5470A1DF33ED}
		{101DC893-FEAB-45F9-BEFA-93A5CCE58B67} = {4A183623-2475-4851-BA65-A198B31551AC}
		{4A199764-3912-40B8-8F4B-1CBC85F9CF9C} = {B73BE2C9-9A9F-49ED-9692-608C15A5B6AA}
		{93195C62-8396-4599-8BE6-A6B183134F28} = {B73BE2C9-9A9F-49ED-9692-608C15A5B6AA}
		{7D70D9F9-D3A9-41DD-B2A9-E9A8FF621C31} = {B73BE2C9-9A9F-49ED-9692-608C15A5B6AA}
		{D22933D7-ADF4-4C22-B29E-4415951AB701} = {B73BE2C9-9A9F-49ED-9692-608C15A5B6AA}
		{53AAA392-CC79-43BC-9D86-15EAD57824E5} = {B73BE2C9-9A9F-49ED-9692-608C15A5B6AA}
	EndGlobalSection
EndGlobal
