
Microsoft Visual Studio Solution File, Format Version 9.00
# Visual Studio 2005
Project("{8BC9CEB8-8B4A-11D0-8D11-00A0C91BC942}") = "echo_blocking_dual", "echo_blocking_dual\echo_blocking_dual.vcproj", "{439F68C9-348C-43E0-9FC7-CA8F3385BCF3}"
EndProject
Global
	GlobalSection(SolutionConfigurationPlatforms) = preSolution
		Debug|Win32 = Debug|Win32
		Release|Win32 = Release|Win32
	EndGlobalSection
	GlobalSection(ProjectConfigurationPlatforms) = postSolution
		{439F68C9-348C-43E0-9FC7-CA8F3385BCF3}.Debug|Win32.ActiveCfg = Debug|Win32
		{439F68C9-348C-43E0-9FC7-CA8F3385BCF3}.Debug|Win32.Build.0 = Debug|Win32
		{439F68C9-348C-43E0-9FC7-CA8F3385BCF3}.Release|Win32.ActiveCfg = Release|Win32
		{439F68C9-348C-43E0-9FC7-CA8F3385BCF3}.Release|Win32.Build.0 = Release|Win32
	EndGlobalSection
	GlobalSection(SolutionProperties) = preSolution
		HideSolutionNode = FALSE
	EndGlobalSection
EndGlobal
