
Microsoft Visual Studio Solution File, Format Version 9.00
# Visual Studio 2005
Project("{8BC9CEB8-8B4A-11D0-8D11-00A0C91BC942}") = "w2c", "w2c\w2c.vcproj", "{73780ED0-EB87-49D7-B777-FFCB737DFCA8}"
	ProjectSection(ProjectDependencies) = postProject
		{FB5AA1D6-CB80-4466-8647-E0027531DDAA} = {FB5AA1D6-CB80-4466-8647-E0027531DDAA}
	EndProjectSection
EndProject
Project("{8BC9CEB8-8B4A-11D0-8D11-00A0C91BC942}") = "x2c", "x2c\x2c.vcproj", "{8D9F9DFB-DB22-4700-8FD8-AA8644D77A24}"
	ProjectSection(ProjectDependencies) = postProject
		{FB5AA1D6-CB80-4466-8647-E0027531DDAA} = {FB5AA1D6-CB80-4466-8647-E0027531DDAA}
	EndProjectSection
EndProject
Project("{8BC9CEB8-8B4A-11D0-8D11-00A0C91BC942}") = "w2c_c_emitter", "w2c_c_emitter\w2c_c_emitter.vcproj", "{C77C32C3-4333-4D83-B75F-0B5A2920D03E}"
	ProjectSection(ProjectDependencies) = postProject
		{FB5AA1D6-CB80-4466-8647-E0027531DDAA} = {FB5AA1D6-CB80-4466-8647-E0027531DDAA}
	EndProjectSection
EndProject
Project("{8BC9CEB8-8B4A-11D0-8D11-00A0C91BC942}") = "w2c_cstub_header_writer", "w2c_cstub_header_writer\w2c_cstub_header_writer.vcproj", "{71FED2B9-0CF5-4102-A40B-69EA033D000D}"
	ProjectSection(ProjectDependencies) = postProject
		{FB5AA1D6-CB80-4466-8647-E0027531DDAA} = {FB5AA1D6-CB80-4466-8647-E0027531DDAA}
	EndProjectSection
EndProject
Project("{8BC9CEB8-8B4A-11D0-8D11-00A0C91BC942}") = "w2c_cstub_source_writer", "w2c_cstub_source_writer\w2c_cstub_source_writer.vcproj", "{E522531D-2DB9-41B0-9BA7-E6CD51B42171}"
	ProjectSection(ProjectDependencies) = postProject
		{FB5AA1D6-CB80-4466-8647-E0027531DDAA} = {FB5AA1D6-CB80-4466-8647-E0027531DDAA}
	EndProjectSection
EndProject
Project("{8BC9CEB8-8B4A-11D0-8D11-00A0C91BC942}") = "w2c_cskel_header_writer", "w2c_cskel_header_writer\w2c_cskel_header_writer.vcproj", "{225902F4-BC41-49AD-BFDC-83FAED575313}"
	ProjectSection(ProjectDependencies) = postProject
		{FB5AA1D6-CB80-4466-8647-E0027531DDAA} = {FB5AA1D6-CB80-4466-8647-E0027531DDAA}
	EndProjectSection
EndProject
Project("{8BC9CEB8-8B4A-11D0-8D11-00A0C91BC942}") = "w2c_cskel_source_writer", "w2c_cskel_source_writer\w2c_cskel_source_writer.vcproj", "{73CEF4F7-F97A-403F-937B-AAC037BB81B4}"
	ProjectSection(ProjectDependencies) = postProject
		{FB5AA1D6-CB80-4466-8647-E0027531DDAA} = {FB5AA1D6-CB80-4466-8647-E0027531DDAA}
	EndProjectSection
EndProject
Project("{8BC9CEB8-8B4A-11D0-8D11-00A0C91BC942}") = "w2c_csvc_skeleton_writer", "w2c_csvc_skeleton_writer\w2c_csvc_skeleton_writer.vcproj", "{90596C23-CEE1-4B11-AB51-DB72B7712DA0}"
	ProjectSection(ProjectDependencies) = postProject
		{FB5AA1D6-CB80-4466-8647-E0027531DDAA} = {FB5AA1D6-CB80-4466-8647-E0027531DDAA}
	EndProjectSection
EndProject
Project("{8BC9CEB8-8B4A-11D0-8D11-00A0C91BC942}") = "w2c_cservice_xml_writer", "w2c_cservice_xml_writer\w2c_cservice_xml_writer.vcproj", "{FCA251EE-6E39-434C-884B-4B01245C1E3E}"
	ProjectSection(ProjectDependencies) = postProject
		{FB5AA1D6-CB80-4466-8647-E0027531DDAA} = {FB5AA1D6-CB80-4466-8647-E0027531DDAA}
	EndProjectSection
EndProject
Project("{8BC9CEB8-8B4A-11D0-8D11-00A0C91BC942}") = "w2c_codegen", "w2c_codegen\w2c_codegen.vcproj", "{FB5AA1D6-CB80-4466-8647-E0027531DDAA}"
EndProject
Project("{8BC9CEB8-8B4A-11D0-8D11-00A0C91BC942}") = "w2c_c_code_indenter_ext", "w2c_c_code_indenter_ext\w2c_c_code_indenter_ext.vcproj", "{AB272A72-19D6-4971-BCF1-5F54357145D7}"
	ProjectSection(ProjectDependencies) = postProject
		{FB5AA1D6-CB80-4466-8647-E0027531DDAA} = {FB5AA1D6-CB80-4466-8647-E0027531DDAA}
	EndProjectSection
EndProject
Project("{8BC9CEB8-8B4A-11D0-8D11-00A0C91BC942}") = "w2c_c_namemaker_ext", "w2c_c_namemaker_ext\w2c_c_namemaker_ext.vcproj", "{D22F6855-711A-4636-859B-87E35466FADE}"
	ProjectSection(ProjectDependencies) = postProject
		{FB5AA1D6-CB80-4466-8647-E0027531DDAA} = {FB5AA1D6-CB80-4466-8647-E0027531DDAA}
	EndProjectSection
EndProject
Project("{8BC9CEB8-8B4A-11D0-8D11-00A0C91BC942}") = "w2c_databinding_adb_ext", "w2c_databinding_adb_ext\w2c_databinding_adb_ext.vcproj", "{874B02F0-0874-4967-9419-6C53DC01FA72}"
	ProjectSection(ProjectDependencies) = postProject
		{FB5AA1D6-CB80-4466-8647-E0027531DDAA} = {FB5AA1D6-CB80-4466-8647-E0027531DDAA}
	EndProjectSection
EndProject
Project("{8BC9CEB8-8B4A-11D0-8D11-00A0C91BC942}") = "w2c_default_qname2name_ext", "w2c_default_qname2name_ext\default_qname2name_ext.vcproj", "{D9CA04F9-7F88-4E84-8B7A-D833D5368EB3}"
	ProjectSection(ProjectDependencies) = postProject
		{FB5AA1D6-CB80-4466-8647-E0027531DDAA} = {FB5AA1D6-CB80-4466-8647-E0027531DDAA}
	EndProjectSection
EndProject
Project("{8BC9CEB8-8B4A-11D0-8D11-00A0C91BC942}") = "w2c_schema_writer", "w2c_schema_writer\w2c_schema_writer.vcproj", "{AD1F00BF-9DEE-41D4-A756-0185644FA187}"
EndProject
Project("{8BC9CEB8-8B4A-11D0-8D11-00A0C91BC942}") = "w2c_databinding_default_ext", "w2c_databinding_default_ext\w2c_databinding_default_ext.vcproj", "{7EA9A764-D1E8-4E80-8AD9-CFF7E9E8A5B8}"
EndProject
Project("{8BC9CEB8-8B4A-11D0-8D11-00A0C91BC942}") = "w2c_c_qname2name_ext", "w2c_c_qname2name_ext\w2c_c_qname2name_ext.vcproj", "{5C245696-53A0-48C8-94D6-C36194F9AD2E}"
EndProject
Global
	GlobalSection(SolutionConfigurationPlatforms) = preSolution
		Debug|Win32 = Debug|Win32
		Release|Win32 = Release|Win32
	EndGlobalSection
	GlobalSection(ProjectConfigurationPlatforms) = postSolution
		{73780ED0-EB87-49D7-B777-FFCB737DFCA8}.Debug|Win32.ActiveCfg = Debug|Win32
		{73780ED0-EB87-49D7-B777-FFCB737DFCA8}.Debug|Win32.Build.0 = Debug|Win32
		{73780ED0-EB87-49D7-B777-FFCB737DFCA8}.Release|Win32.ActiveCfg = Release|Win32
		{73780ED0-EB87-49D7-B777-FFCB737DFCA8}.Release|Win32.Build.0 = Release|Win32
		{8D9F9DFB-DB22-4700-8FD8-AA8644D77A24}.Debug|Win32.ActiveCfg = Debug|Win32
		{8D9F9DFB-DB22-4700-8FD8-AA8644D77A24}.Debug|Win32.Build.0 = Debug|Win32
		{8D9F9DFB-DB22-4700-8FD8-AA8644D77A24}.Release|Win32.ActiveCfg = Release|Win32
		{8D9F9DFB-DB22-4700-8FD8-AA8644D77A24}.Release|Win32.Build.0 = Release|Win32
		{C77C32C3-4333-4D83-B75F-0B5A2920D03E}.Debug|Win32.ActiveCfg = Debug|Win32
		{C77C32C3-4333-4D83-B75F-0B5A2920D03E}.Debug|Win32.Build.0 = Debug|Win32
		{C77C32C3-4333-4D83-B75F-0B5A2920D03E}.Release|Win32.ActiveCfg = Release|Win32
		{C77C32C3-4333-4D83-B75F-0B5A2920D03E}.Release|Win32.Build.0 = Release|Win32
		{71FED2B9-0CF5-4102-A40B-69EA033D000D}.Debug|Win32.ActiveCfg = Debug|Win32
		{71FED2B9-0CF5-4102-A40B-69EA033D000D}.Debug|Win32.Build.0 = Debug|Win32
		{71FED2B9-0CF5-4102-A40B-69EA033D000D}.Release|Win32.ActiveCfg = Release|Win32
		{71FED2B9-0CF5-4102-A40B-69EA033D000D}.Release|Win32.Build.0 = Release|Win32
		{E522531D-2DB9-41B0-9BA7-E6CD51B42171}.Debug|Win32.ActiveCfg = Debug|Win32
		{E522531D-2DB9-41B0-9BA7-E6CD51B42171}.Debug|Win32.Build.0 = Debug|Win32
		{E522531D-2DB9-41B0-9BA7-E6CD51B42171}.Release|Win32.ActiveCfg = Release|Win32
		{E522531D-2DB9-41B0-9BA7-E6CD51B42171}.Release|Win32.Build.0 = Release|Win32
		{225902F4-BC41-49AD-BFDC-83FAED575313}.Debug|Win32.ActiveCfg = Debug|Win32
		{225902F4-BC41-49AD-BFDC-83FAED575313}.Debug|Win32.Build.0 = Debug|Win32
		{225902F4-BC41-49AD-BFDC-83FAED575313}.Release|Win32.ActiveCfg = Release|Win32
		{225902F4-BC41-49AD-BFDC-83FAED575313}.Release|Win32.Build.0 = Release|Win32
		{73CEF4F7-F97A-403F-937B-AAC037BB81B4}.Debug|Win32.ActiveCfg = Debug|Win32
		{73CEF4F7-F97A-403F-937B-AAC037BB81B4}.Debug|Win32.Build.0 = Debug|Win32
		{73CEF4F7-F97A-403F-937B-AAC037BB81B4}.Release|Win32.ActiveCfg = Release|Win32
		{73CEF4F7-F97A-403F-937B-AAC037BB81B4}.Release|Win32.Build.0 = Release|Win32
		{90596C23-CEE1-4B11-AB51-DB72B7712DA0}.Debug|Win32.ActiveCfg = Debug|Win32
		{90596C23-CEE1-4B11-AB51-DB72B7712DA0}.Debug|Win32.Build.0 = Debug|Win32
		{90596C23-CEE1-4B11-AB51-DB72B7712DA0}.Release|Win32.ActiveCfg = Release|Win32
		{90596C23-CEE1-4B11-AB51-DB72B7712DA0}.Release|Win32.Build.0 = Release|Win32
		{FCA251EE-6E39-434C-884B-4B01245C1E3E}.Debug|Win32.ActiveCfg = Debug|Win32
		{FCA251EE-6E39-434C-884B-4B01245C1E3E}.Debug|Win32.Build.0 = Debug|Win32
		{FCA251EE-6E39-434C-884B-4B01245C1E3E}.Release|Win32.ActiveCfg = Release|Win32
		{FCA251EE-6E39-434C-884B-4B01245C1E3E}.Release|Win32.Build.0 = Release|Win32
		{FB5AA1D6-CB80-4466-8647-E0027531DDAA}.Debug|Win32.ActiveCfg = Debug|Win32
		{FB5AA1D6-CB80-4466-8647-E0027531DDAA}.Debug|Win32.Build.0 = Debug|Win32
		{FB5AA1D6-CB80-4466-8647-E0027531DDAA}.Release|Win32.ActiveCfg = Release|Win32
		{FB5AA1D6-CB80-4466-8647-E0027531DDAA}.Release|Win32.Build.0 = Release|Win32
		{AB272A72-19D6-4971-BCF1-5F54357145D7}.Debug|Win32.ActiveCfg = Debug|Win32
		{AB272A72-19D6-4971-BCF1-5F54357145D7}.Debug|Win32.Build.0 = Debug|Win32
		{AB272A72-19D6-4971-BCF1-5F54357145D7}.Release|Win32.ActiveCfg = Release|Win32
		{AB272A72-19D6-4971-BCF1-5F54357145D7}.Release|Win32.Build.0 = Release|Win32
		{D22F6855-711A-4636-859B-87E35466FADE}.Debug|Win32.ActiveCfg = Debug|Win32
		{D22F6855-711A-4636-859B-87E35466FADE}.Debug|Win32.Build.0 = Debug|Win32
		{D22F6855-711A-4636-859B-87E35466FADE}.Release|Win32.ActiveCfg = Release|Win32
		{D22F6855-711A-4636-859B-87E35466FADE}.Release|Win32.Build.0 = Release|Win32
		{874B02F0-0874-4967-9419-6C53DC01FA72}.Debug|Win32.ActiveCfg = Debug|Win32
		{874B02F0-0874-4967-9419-6C53DC01FA72}.Debug|Win32.Build.0 = Debug|Win32
		{874B02F0-0874-4967-9419-6C53DC01FA72}.Release|Win32.ActiveCfg = Release|Win32
		{874B02F0-0874-4967-9419-6C53DC01FA72}.Release|Win32.Build.0 = Release|Win32
		{D9CA04F9-7F88-4E84-8B7A-D833D5368EB3}.Debug|Win32.ActiveCfg = Debug|Win32
		{D9CA04F9-7F88-4E84-8B7A-D833D5368EB3}.Debug|Win32.Build.0 = Debug|Win32
		{D9CA04F9-7F88-4E84-8B7A-D833D5368EB3}.Release|Win32.ActiveCfg = Release|Win32
		{D9CA04F9-7F88-4E84-8B7A-D833D5368EB3}.Release|Win32.Build.0 = Release|Win32
		{AD1F00BF-9DEE-41D4-A756-0185644FA187}.Debug|Win32.ActiveCfg = Debug|Win32
		{AD1F00BF-9DEE-41D4-A756-0185644FA187}.Debug|Win32.Build.0 = Debug|Win32
		{AD1F00BF-9DEE-41D4-A756-0185644FA187}.Release|Win32.ActiveCfg = Release|Win32
		{AD1F00BF-9DEE-41D4-A756-0185644FA187}.Release|Win32.Build.0 = Release|Win32
		{7EA9A764-D1E8-4E80-8AD9-CFF7E9E8A5B8}.Debug|Win32.ActiveCfg = Debug|Win32
		{7EA9A764-D1E8-4E80-8AD9-CFF7E9E8A5B8}.Debug|Win32.Build.0 = Debug|Win32
		{7EA9A764-D1E8-4E80-8AD9-CFF7E9E8A5B8}.Release|Win32.ActiveCfg = Release|Win32
		{7EA9A764-D1E8-4E80-8AD9-CFF7E9E8A5B8}.Release|Win32.Build.0 = Release|Win32
		{5C245696-53A0-48C8-94D6-C36194F9AD2E}.Debug|Win32.ActiveCfg = Debug|Win32
		{5C245696-53A0-48C8-94D6-C36194F9AD2E}.Debug|Win32.Build.0 = Debug|Win32
		{5C245696-53A0-48C8-94D6-C36194F9AD2E}.Release|Win32.ActiveCfg = Release|Win32
		{5C245696-53A0-48C8-94D6-C36194F9AD2E}.Release|Win32.Build.0 = Release|Win32
	EndGlobalSection
	GlobalSection(SolutionProperties) = preSolution
		HideSolutionNode = FALSE
	EndGlobalSection
EndGlobal
