
Microsoft Visual Studio Solution File, Format Version 9.00
# Visual Studio 2005
Project("{8BC9CEB8-8B4A-11D0-8D11-00A0C91BC942}") = "wsservice", "wsservice.vcproj", "{335E7A41-ED34-4B4F-97FE-740AB888D6BD}"
EndProject
Global
	GlobalSection(SolutionConfigurationPlatforms) = preSolution
		Debug|Win32 = Debug|Win32
		Release|Win32 = Release|Win32
	EndGlobalSection
	GlobalSection(ProjectConfigurationPlatforms) = postSolution
		{335E7A41-ED34-4B4F-97FE-740AB888D6BD}.Debug|Win32.ActiveCfg = Debug|Win32
		{335E7A41-ED34-4B4F-97FE-740AB888D6BD}.Debug|Win32.Build.0 = Debug|Win32
		{335E7A41-ED34-4B4F-97FE-740AB888D6BD}.Release|Win32.ActiveCfg = Release|Win32
		{335E7A41-ED34-4B4F-97FE-740AB888D6BD}.Release|Win32.Build.0 = Release|Win32
	EndGlobalSection
	GlobalSection(SolutionProperties) = preSolution
		HideSolutionNode = FALSE
	EndGlobalSection
EndGlobal
